
Microsoft Visual Studio Solution File, Format Version 12.00
# Visual Studio Version 17
VisualStudioVersion = 17.9.34701.34
MinimumVisualStudioVersion = 10.0.40219.1
Project("{FAE04EC0-301F-11D3-BF4B-00C04F79EFBC}") = "Backup2", "Backup2\Backup2.csproj", "{3DBFB214-231E-4046-BC7E-1E769A7C3C71}"
EndProject
Global
	GlobalSection(SolutionConfigurationPlatforms) = preSolution
		Debug|Any CPU = Debug|Any CPU
		Release|Any CPU = Release|Any CPU
	EndGlobalSection
	GlobalSection(ProjectConfigurationPlatforms) = postSolution
		{3DBFB214-231E-4046-BC7E-1E769A7C3C71}.Debug|Any CPU.ActiveCfg = Debug|Any CPU
		{3DBFB214-231E-4046-BC7E-1E769A7C3C71}.Debug|Any CPU.Build.0 = Debug|Any CPU
		{3DBFB214-231E-4046-BC7E-1E769A7C3C71}.Release|Any CPU.ActiveCfg = Release|Any CPU
		{3DBFB214-231E-4046-BC7E-1E769A7C3C71}.Release|Any CPU.Build.0 = Release|Any CPU
	EndGlobalSection
	GlobalSection(SolutionProperties) = preSolution
		HideSolutionNode = FALSE
	EndGlobalSection
	GlobalSection(ExtensibilityGlobals) = postSolution
		SolutionGuid = {CD16C6DD-0920-4AEF-B993-8559428ED653}
	EndGlobalSection
EndGlobal
